{
    "version": 3,
    "terraform_version": "0.8.8",
    "serial": 14,
    "lineage": "ffb64bbe-af97-4e0d-b085-01054cc3f69e",
    "modules": [
        {
            "path": [
                "root"
            ],
            "outputs": {},
            "resources": {
                "aws_cloudtrail.cloudtrail": {
                    "type": "aws_cloudtrail",
                    "depends_on": [
                        "aws_s3_bucket.aws-dl-i-o-sh-logs"
                    ],
                    "primary": {
                        "id": "cloudtrail",
                        "attributes": {
                            "arn": "arn:aws:cloudtrail:us-east-2:181549724018:trail/cloudtrail",
                            "cloud_watch_logs_group_arn": "",
                            "cloud_watch_logs_role_arn": "",
                            "enable_log_file_validation": "true",
                            "enable_logging": "true",
                            "home_region": "us-east-2",
                            "id": "cloudtrail",
                            "include_global_service_events": "true",
                            "is_multi_region_trail": "true",
                            "kms_key_id": "",
                            "name": "cloudtrail",
                            "s3_bucket_name": "dl.i-o.sh-logs",
                            "s3_key_prefix": "",
                            "sns_topic_name": "",
                            "tags.%": "0"
                        },
                        "meta": {},
                        "tainted": false
                    },
                    "deposed": [],
                    "provider": ""
                },
                "aws_cloudwatch_metric_alarm.billing.0": {
                    "type": "aws_cloudwatch_metric_alarm",
                    "depends_on": [
                        "aws_sns_topic.billing"
                    ],
                    "primary": {
                        "id": "Billing Alert lv.1 (1 USD)",
                        "attributes": {
                            "actions_enabled": "true",
                            "alarm_actions.#": "1",
                            "alarm_actions.3622537285": "arn:aws:sns:us-east-1:181549724018:BillingAlarm",
                            "alarm_description": "Total Charge 1 USD",
                            "alarm_name": "Billing Alert lv.1 (1 USD)",
                            "comparison_operator": "GreaterThanOrEqualToThreshold",
                            "dimensions.%": "1",
                            "dimensions.Currency": "USD",
                            "evaluation_periods": "1",
                            "extended_statistic": "",
                            "id": "Billing Alert lv.1 (1 USD)",
                            "insufficient_data_actions.#": "0",
                            "metric_name": "EstimatedCharges",
                            "namespace": "AWS/Billing",
                            "ok_actions.#": "0",
                            "period": "21600",
                            "statistic": "Maximum",
                            "threshold": "1",
                            "unit": ""
                        },
                        "meta": {},
                        "tainted": false
                    },
                    "deposed": [],
                    "provider": "aws.ailas_us_east_1"
                },
                "aws_cloudwatch_metric_alarm.billing.1": {
                    "type": "aws_cloudwatch_metric_alarm",
                    "depends_on": [
                        "aws_sns_topic.billing"
                    ],
                    "primary": {
                        "id": "Billing Alert lv.2 (5 USD)",
                        "attributes": {
                            "actions_enabled": "true",
                            "alarm_actions.#": "1",
                            "alarm_actions.3622537285": "arn:aws:sns:us-east-1:181549724018:BillingAlarm",
                            "alarm_description": "Total Charge 5 USD",
                            "alarm_name": "Billing Alert lv.2 (5 USD)",
                            "comparison_operator": "GreaterThanOrEqualToThreshold",
                            "dimensions.%": "1",
                            "dimensions.Currency": "USD",
                            "evaluation_periods": "1",
                            "extended_statistic": "",
                            "id": "Billing Alert lv.2 (5 USD)",
                            "insufficient_data_actions.#": "0",
                            "metric_name": "EstimatedCharges",
                            "namespace": "AWS/Billing",
                            "ok_actions.#": "0",
                            "period": "21600",
                            "statistic": "Maximum",
                            "threshold": "5",
                            "unit": ""
                        },
                        "meta": {},
                        "tainted": false
                    },
                    "deposed": [],
                    "provider": "aws.ailas_us_east_1"
                },
                "aws_cloudwatch_metric_alarm.billing.2": {
                    "type": "aws_cloudwatch_metric_alarm",
                    "depends_on": [
                        "aws_sns_topic.billing"
                    ],
                    "primary": {
                        "id": "Billing Alert lv.3 (15 USD)",
                        "attributes": {
                            "actions_enabled": "true",
                            "alarm_actions.#": "1",
                            "alarm_actions.3622537285": "arn:aws:sns:us-east-1:181549724018:BillingAlarm",
                            "alarm_description": "Total Charge 15 USD",
                            "alarm_name": "Billing Alert lv.3 (15 USD)",
                            "comparison_operator": "GreaterThanOrEqualToThreshold",
                            "dimensions.%": "1",
                            "dimensions.Currency": "USD",
                            "evaluation_periods": "1",
                            "extended_statistic": "",
                            "id": "Billing Alert lv.3 (15 USD)",
                            "insufficient_data_actions.#": "0",
                            "metric_name": "EstimatedCharges",
                            "namespace": "AWS/Billing",
                            "ok_actions.#": "0",
                            "period": "21600",
                            "statistic": "Maximum",
                            "threshold": "15",
                            "unit": ""
                        },
                        "meta": {},
                        "tainted": false
                    },
                    "deposed": [],
                    "provider": "aws.ailas_us_east_1"
                },
                "aws_default_network_acl.vpc-dl-i-o-sh-default-acl": {
                    "type": "aws_default_network_acl",
                    "depends_on": [
                        "aws_vpc.vpc-dl-i-o-sh"
                    ],
                    "primary": {
                        "id": "acl-b09b29d9",
                        "attributes": {
                            "default_network_acl_id": "acl-b09b29d9",
                            "egress.#": "1",
                            "egress.296684381.action": "allow",
                            "egress.296684381.cidr_block": "0.0.0.0/0",
                            "egress.296684381.from_port": "0",
                            "egress.296684381.icmp_code": "0",
                            "egress.296684381.icmp_type": "0",
                            "egress.296684381.protocol": "-1",
                            "egress.296684381.rule_no": "100",
                            "egress.296684381.to_port": "0",
                            "id": "acl-b09b29d9",
                            "ingress.#": "1",
                            "ingress.296684381.action": "allow",
                            "ingress.296684381.cidr_block": "0.0.0.0/0",
                            "ingress.296684381.from_port": "0",
                            "ingress.296684381.icmp_code": "0",
                            "ingress.296684381.icmp_type": "0",
                            "ingress.296684381.protocol": "-1",
                            "ingress.296684381.rule_no": "100",
                            "ingress.296684381.to_port": "0",
                            "subnet_ids.#": "2",
                            "subnet_ids.257426101": "subnet-640e8a0d",
                            "subnet_ids.566188436": "subnet-6c2bcb21",
                            "tags.%": "1",
                            "tags.Name": "default-acl-dl.i-o.sh",
                            "vpc_id": "vpc-70ef5819"
                        },
                        "meta": {},
                        "tainted": false
                    },
                    "deposed": [],
                    "provider": ""
                },
                "aws_default_route_table.vpc-dl-i-o-sh-public-rt": {
                    "type": "aws_default_route_table",
                    "depends_on": [
                        "aws_internet_gateway.vpc-dl-i-o-sh-igw",
                        "aws_vpc.vpc-dl-i-o-sh"
                    ],
                    "primary": {
                        "id": "rtb-47368a2e",
                        "attributes": {
                            "default_route_table_id": "rtb-47368a2e",
                            "id": "rtb-47368a2e",
                            "propagating_vgws.#": "0",
                            "route.#": "1",
                            "route.477108816.cidr_block": "0.0.0.0/0",
                            "route.477108816.gateway_id": "igw-ec3ae485",
                            "route.477108816.instance_id": "",
                            "route.477108816.nat_gateway_id": "",
                            "route.477108816.network_interface_id": "",
                            "route.477108816.vpc_peering_connection_id": "",
                            "tags.%": "1",
                            "tags.Name": "public-rt-dl.i-o.sh",
                            "vpc_id": "vpc-70ef5819"
                        },
                        "meta": {},
                        "tainted": false
                    },
                    "deposed": [],
                    "provider": ""
                },
                "aws_default_security_group.vpc-dl-i-o-sh-default-sg": {
                    "type": "aws_default_security_group",
                    "depends_on": [
                        "aws_vpc.vpc-dl-i-o-sh"
                    ],
                    "primary": {
                        "id": "sg-86bd26ef",
                        "attributes": {
                            "egress.#": "1",
                            "egress.482069346.cidr_blocks.#": "1",
                            "egress.482069346.cidr_blocks.0": "0.0.0.0/0",
                            "egress.482069346.from_port": "0",
                            "egress.482069346.prefix_list_ids.#": "0",
                            "egress.482069346.protocol": "-1",
                            "egress.482069346.security_groups.#": "0",
                            "egress.482069346.self": "false",
                            "egress.482069346.to_port": "0",
                            "id": "sg-86bd26ef",
                            "ingress.#": "1",
                            "ingress.753360330.cidr_blocks.#": "0",
                            "ingress.753360330.from_port": "0",
                            "ingress.753360330.protocol": "-1",
                            "ingress.753360330.security_groups.#": "0",
                            "ingress.753360330.self": "true",
                            "ingress.753360330.to_port": "0",
                            "name": "default",
                            "owner_id": "181549724018",
                            "tags.%": "1",
                            "tags.Name": "default-sg-dl.i-o.sh",
                            "vpc_id": "vpc-70ef5819"
                        },
                        "meta": {},
                        "tainted": false
                    },
                    "deposed": [],
                    "provider": ""
                },
                "aws_iam_access_key.terraform_administrator_key": {
                    "type": "aws_iam_access_key",
                    "depends_on": [
                        "aws_iam_user.terraform_administrator"
                    ],
                    "primary": {
                        "id": "AKIAIG7WBZLP2FXE33QQ",
                        "attributes": {
                            "id": "AKIAIG7WBZLP2FXE33QQ",
                            "secret": "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",
                            "ses_smtp_password": "AqhAheUQ2GIaXCiThCMONeXmtkWXqgerH1f2ksSb/GkK",
                            "status": "Active",
                            "user": "terraform_administrator"
                        },
                        "meta": {},
                        "tainted": false
                    },
                    "deposed": [],
                    "provider": ""
                },
                "aws_iam_access_key.terraform_fastly_logging_key": {
                    "type": "aws_iam_access_key",
                    "depends_on": [
                        "aws_iam_user.terraform_fastly_logging"
                    ],
                    "primary": {
                        "id": "AKIAIQU22GD4PWNA7QDQ",
                        "attributes": {
                            "id": "AKIAIQU22GD4PWNA7QDQ",
                            "secret": "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",
                            "ses_smtp_password": "AgTLomCzrCAUxxU6qNQyjUcl96J1DHHQpnl07WoZ1D7M",
                            "status": "Active",
                            "user": "terraform_fastly_logging"
                        },
                        "meta": {},
                        "tainted": false
                    },
                    "deposed": [],
                    "provider": ""
                },
                "aws_iam_policy.administrator": {
                    "type": "aws_iam_policy",
                    "depends_on": [],
                    "primary": {
                        "id": "arn:aws:iam::181549724018:policy/administrator",
                        "attributes": {
                            "arn": "arn:aws:iam::181549724018:policy/administrator",
                            "description": "administrator",
                            "id": "arn:aws:iam::181549724018:policy/administrator",
                            "name": "administrator",
                            "path": "/",
                            "policy": "{\n  \"Version\": \"2012-10-17\",\n  \"Statement\": [\n    {\n      \"Effect\": \"Allow\",\n      \"Action\": \"*\",\n      \"Resource\": \"*\"\n    }\n  ]\n}\n"
                        },
                        "meta": {},
                        "tainted": false
                    },
                    "deposed": [],
                    "provider": ""
                },
                "aws_iam_policy.fastly_logging": {
                    "type": "aws_iam_policy",
                    "depends_on": [],
                    "primary": {
                        "id": "arn:aws:iam::181549724018:policy/fastly_logging",
                        "attributes": {
                            "arn": "arn:aws:iam::181549724018:policy/fastly_logging",
                            "description": "fastly_logging",
                            "id": "arn:aws:iam::181549724018:policy/fastly_logging",
                            "name": "fastly_logging",
                            "path": "/",
                            "policy": "{\n  \"Version\": \"2012-10-17\",\n  \"Statement\": [\n    {\n      \"Sid\": \"Stmt1488866579000\",\n      \"Effect\": \"Allow\",\n      \"Action\": [\n        \"s3:*\"\n      ],\n      \"Resource\": [\n        \"arn:aws:s3:::dl.i-o.sh-logs\"\n      ]\n    },\n    {\n      \"Sid\": \"Stmt1488867491000\",\n      \"Effect\": \"Allow\",\n      \"Action\": [\n        \"s3:*\"\n      ],\n      \"Resource\": [\n        \"arn:aws:s3:::dl.i-o.sh-logs/*\"\n      ]\n    }\n  ]\n}\n"
                        },
                        "meta": {},
                        "tainted": false
                    },
                    "deposed": [],
                    "provider": ""
                },
                "aws_iam_policy_attachment.terraform_administrator_attach": {
                    "type": "aws_iam_policy_attachment",
                    "depends_on": [
                        "aws_iam_policy.administrator",
                        "aws_iam_user.terraform_administrator"
                    ],
                    "primary": {
                        "id": "terraform_administrator_attach",
                        "attributes": {
                            "groups.#": "0",
                            "id": "terraform_administrator_attach",
                            "name": "terraform_administrator_attach",
                            "policy_arn": "arn:aws:iam::181549724018:policy/administrator",
                            "roles.#": "0",
                            "users.#": "1",
                            "users.2491454140": "terraform_administrator"
                        },
                        "meta": {},
                        "tainted": false
                    },
                    "deposed": [],
                    "provider": ""
                },
                "aws_iam_policy_attachment.terraform_fastly_logging_attach": {
                    "type": "aws_iam_policy_attachment",
                    "depends_on": [
                        "aws_iam_policy.fastly_logging",
                        "aws_iam_user.terraform_fastly_logging"
                    ],
                    "primary": {
                        "id": "terraform_fastly_logging_attach",
                        "attributes": {
                            "groups.#": "0",
                            "id": "terraform_fastly_logging_attach",
                            "name": "terraform_fastly_logging_attach",
                            "policy_arn": "arn:aws:iam::181549724018:policy/fastly_logging",
                            "roles.#": "0",
                            "users.#": "1",
                            "users.4189962297": "terraform_fastly_logging"
                        },
                        "meta": {},
                        "tainted": false
                    },
                    "deposed": [],
                    "provider": ""
                },
                "aws_iam_user.terraform_administrator": {
                    "type": "aws_iam_user",
                    "depends_on": [],
                    "primary": {
                        "id": "terraform_administrator",
                        "attributes": {
                            "arn": "arn:aws:iam::181549724018:user/terraform_administrator",
                            "force_destroy": "false",
                            "id": "terraform_administrator",
                            "name": "terraform_administrator",
                            "path": "/",
                            "unique_id": "AIDAI4S2RO7PUA2OYPUBQ"
                        },
                        "meta": {},
                        "tainted": false
                    },
                    "deposed": [],
                    "provider": ""
                },
                "aws_iam_user.terraform_fastly_logging": {
                    "type": "aws_iam_user",
                    "depends_on": [],
                    "primary": {
                        "id": "terraform_fastly_logging",
                        "attributes": {
                            "arn": "arn:aws:iam::181549724018:user/terraform_fastly_logging",
                            "force_destroy": "false",
                            "id": "terraform_fastly_logging",
                            "name": "terraform_fastly_logging",
                            "path": "/",
                            "unique_id": "AIDAI5M3BGBVI77MMG6IK"
                        },
                        "meta": {},
                        "tainted": false
                    },
                    "deposed": [],
                    "provider": ""
                },
                "aws_internet_gateway.vpc-dl-i-o-sh-igw": {
                    "type": "aws_internet_gateway",
                    "depends_on": [
                        "aws_vpc.vpc-dl-i-o-sh"
                    ],
                    "primary": {
                        "id": "igw-ec3ae485",
                        "attributes": {
                            "id": "igw-ec3ae485",
                            "tags.%": "1",
                            "tags.Name": "igw-dl.i-o.sh",
                            "vpc_id": "vpc-70ef5819"
                        },
                        "meta": {},
                        "tainted": false
                    },
                    "deposed": [],
                    "provider": ""
                },
                "aws_route_table_association.vpc-dl-i-o-sh-rta1": {
                    "type": "aws_route_table_association",
                    "depends_on": [
                        "aws_default_route_table.vpc-dl-i-o-sh-public-rt",
                        "aws_subnet.vpc-dl-i-o-sh-public-subnet1"
                    ],
                    "primary": {
                        "id": "rtbassoc-d7e373be",
                        "attributes": {
                            "id": "rtbassoc-d7e373be",
                            "route_table_id": "rtb-47368a2e",
                            "subnet_id": "subnet-640e8a0d"
                        },
                        "meta": {},
                        "tainted": false
                    },
                    "deposed": [],
                    "provider": ""
                },
                "aws_route_table_association.vpc-dl-i-o-sh-rta2": {
                    "type": "aws_route_table_association",
                    "depends_on": [
                        "aws_default_route_table.vpc-dl-i-o-sh-public-rt",
                        "aws_subnet.vpc-dl-i-o-sh-public-subnet2"
                    ],
                    "primary": {
                        "id": "rtbassoc-d4e373bd",
                        "attributes": {
                            "id": "rtbassoc-d4e373bd",
                            "route_table_id": "rtb-47368a2e",
                            "subnet_id": "subnet-6c2bcb21"
                        },
                        "meta": {},
                        "tainted": false
                    },
                    "deposed": [],
                    "provider": ""
                },
                "aws_s3_bucket.aws-dl-i-o-sh-logs": {
                    "type": "aws_s3_bucket",
                    "depends_on": [],
                    "primary": {
                        "id": "dl.i-o.sh-logs",
                        "attributes": {
                            "acceleration_status": "",
                            "acl": "log-delivery-write",
                            "arn": "arn:aws:s3:::dl.i-o.sh-logs",
                            "bucket": "dl.i-o.sh-logs",
                            "bucket_domain_name": "dl.i-o.sh-logs.s3.amazonaws.com",
                            "force_destroy": "false",
                            "hosted_zone_id": "Z2O1EMRO9K5GLX",
                            "id": "dl.i-o.sh-logs",
                            "lifecycle_rule.#": "1",
                            "lifecycle_rule.0.abort_incomplete_multipart_upload_days": "0",
                            "lifecycle_rule.0.enabled": "true",
                            "lifecycle_rule.0.expiration.#": "1",
                            "lifecycle_rule.0.expiration.4042355233.date": "",
                            "lifecycle_rule.0.expiration.4042355233.days": "90",
                            "lifecycle_rule.0.expiration.4042355233.expired_object_delete_marker": "false",
                            "lifecycle_rule.0.id": "remove old log files",
                            "lifecycle_rule.0.noncurrent_version_expiration.#": "0",
                            "lifecycle_rule.0.noncurrent_version_transition.#": "0",
                            "lifecycle_rule.0.prefix": "",
                            "lifecycle_rule.0.transition.#": "0",
                            "policy": "{\"Statement\":[{\"Action\":\"s3:GetBucketAcl\",\"Effect\":\"Allow\",\"Principal\":{\"Service\":\"cloudtrail.amazonaws.com\"},\"Resource\":\"arn:aws:s3:::dl.i-o.sh-logs\",\"Sid\":\"AWSCloudTrailAclCheck\"},{\"Action\":\"s3:PutObject\",\"Condition\":{\"StringEquals\":{\"s3:x-amz-acl\":\"bucket-owner-full-control\"}},\"Effect\":\"Allow\",\"Principal\":{\"Service\":\"cloudtrail.amazonaws.com\"},\"Resource\":\"arn:aws:s3:::dl.i-o.sh-logs/*\",\"Sid\":\"AWSCloudTrailWrite\"}],\"Version\":\"2012-10-17\"}",
                            "region": "us-east-2",
                            "request_payer": "BucketOwner",
                            "tags.%": "0",
                            "versioning.#": "1",
                            "versioning.0.enabled": "false",
                            "versioning.0.mfa_delete": "false",
                            "website.#": "0"
                        },
                        "meta": {},
                        "tainted": false
                    },
                    "deposed": [],
                    "provider": ""
                },
                "aws_s3_bucket.dl-i-o-sh": {
                    "type": "aws_s3_bucket",
                    "depends_on": [
                        "aws_s3_bucket.aws-dl-i-o-sh-logs",
                        "aws_s3_bucket.aws-dl-i-o-sh-logs"
                    ],
                    "primary": {
                        "id": "dl.i-o.sh",
                        "attributes": {
                            "acceleration_status": "",
                            "acl": "public-read",
                            "arn": "arn:aws:s3:::dl.i-o.sh",
                            "bucket": "dl.i-o.sh",
                            "bucket_domain_name": "dl.i-o.sh.s3.amazonaws.com",
                            "force_destroy": "false",
                            "hosted_zone_id": "Z2O1EMRO9K5GLX",
                            "id": "dl.i-o.sh",
                            "lifecycle_rule.#": "1",
                            "lifecycle_rule.0.abort_incomplete_multipart_upload_days": "0",
                            "lifecycle_rule.0.enabled": "true",
                            "lifecycle_rule.0.expiration.#": "0",
                            "lifecycle_rule.0.id": "remove versioninged file",
                            "lifecycle_rule.0.noncurrent_version_expiration.#": "1",
                            "lifecycle_rule.0.noncurrent_version_expiration.1315073419.days": "90",
                            "lifecycle_rule.0.noncurrent_version_transition.#": "0",
                            "lifecycle_rule.0.prefix": "",
                            "lifecycle_rule.0.transition.#": "0",
                            "logging.#": "1",
                            "logging.1533418465.target_bucket": "dl.i-o.sh-logs",
                            "logging.1533418465.target_prefix": "s3/dl.i-o.sh/",
                            "policy": "{\"Statement\":[{\"Action\":\"s3:GetObject\",\"Effect\":\"Allow\",\"Principal\":\"*\",\"Resource\":\"arn:aws:s3:::dl.i-o.sh/*\",\"Sid\":\"PublicReadGetObject\"}],\"Version\":\"2012-10-17\"}",
                            "region": "us-east-2",
                            "request_payer": "BucketOwner",
                            "tags.%": "0",
                            "versioning.#": "1",
                            "versioning.0.enabled": "true",
                            "versioning.0.mfa_delete": "false",
                            "website.#": "1",
                            "website.0.error_document": "404.html",
                            "website.0.index_document": "index.html",
                            "website.0.redirect_all_requests_to": "",
                            "website.0.routing_rules": "",
                            "website_domain": "s3-website.us-east-2.amazonaws.com",
                            "website_endpoint": "dl.i-o.sh.s3-website.us-east-2.amazonaws.com"
                        },
                        "meta": {},
                        "tainted": false
                    },
                    "deposed": [],
                    "provider": ""
                },
                "aws_s3_bucket.terraform-tfstate-dl-i-o-sh": {
                    "type": "aws_s3_bucket",
                    "depends_on": [],
                    "primary": {
                        "id": "terraform-tfstate-dl.i-o.sh",
                        "attributes": {
                            "acceleration_status": "",
                            "acl": "private",
                            "arn": "arn:aws:s3:::terraform-tfstate-dl.i-o.sh",
                            "bucket": "terraform-tfstate-dl.i-o.sh",
                            "bucket_domain_name": "terraform-tfstate-dl.i-o.sh.s3.amazonaws.com",
                            "force_destroy": "false",
                            "hosted_zone_id": "Z2O1EMRO9K5GLX",
                            "id": "terraform-tfstate-dl.i-o.sh",
                            "lifecycle_rule.#": "1",
                            "lifecycle_rule.0.abort_incomplete_multipart_upload_days": "0",
                            "lifecycle_rule.0.enabled": "true",
                            "lifecycle_rule.0.expiration.#": "0",
                            "lifecycle_rule.0.id": "remove versioninged file",
                            "lifecycle_rule.0.noncurrent_version_expiration.#": "1",
                            "lifecycle_rule.0.noncurrent_version_expiration.1315073419.days": "90",
                            "lifecycle_rule.0.noncurrent_version_transition.#": "0",
                            "lifecycle_rule.0.prefix": "",
                            "lifecycle_rule.0.transition.#": "0",
                            "region": "us-east-2",
                            "request_payer": "BucketOwner",
                            "tags.%": "0",
                            "versioning.#": "1",
                            "versioning.0.enabled": "true",
                            "versioning.0.mfa_delete": "false",
                            "website.#": "0"
                        },
                        "meta": {},
                        "tainted": false
                    },
                    "deposed": [],
                    "provider": ""
                },
                "aws_sns_topic.billing": {
                    "type": "aws_sns_topic",
                    "depends_on": [],
                    "primary": {
                        "id": "arn:aws:sns:us-east-1:181549724018:BillingAlarm",
                        "attributes": {
                            "arn": "arn:aws:sns:us-east-1:181549724018:BillingAlarm",
                            "display_name": "",
                            "id": "arn:aws:sns:us-east-1:181549724018:BillingAlarm",
                            "name": "BillingAlarm",
                            "policy": "{\"Id\":\"__default_policy_ID\",\"Statement\":[{\"Action\":[\"SNS:GetTopicAttributes\",\"SNS:SetTopicAttributes\",\"SNS:AddPermission\",\"SNS:RemovePermission\",\"SNS:DeleteTopic\",\"SNS:Subscribe\",\"SNS:ListSubscriptionsByTopic\",\"SNS:Publish\",\"SNS:Receive\"],\"Condition\":{\"StringEquals\":{\"AWS:SourceOwner\":\"181549724018\"}},\"Effect\":\"Allow\",\"Principal\":{\"AWS\":\"*\"},\"Resource\":\"arn:aws:sns:us-east-1:181549724018:BillingAlarm\",\"Sid\":\"__default_statement_ID\"}],\"Version\":\"2008-10-17\"}"
                        },
                        "meta": {},
                        "tainted": false
                    },
                    "deposed": [],
                    "provider": "aws.ailas_us_east_1"
                },
                "aws_subnet.vpc-dl-i-o-sh-public-subnet1": {
                    "type": "aws_subnet",
                    "depends_on": [
                        "aws_vpc.vpc-dl-i-o-sh"
                    ],
                    "primary": {
                        "id": "subnet-640e8a0d",
                        "attributes": {
                            "assign_ipv6_address_on_creation": "false",
                            "availability_zone": "us-east-2a",
                            "cidr_block": "10.10.10.0/24",
                            "id": "subnet-640e8a0d",
                            "map_public_ip_on_launch": "false",
                            "tags.%": "1",
                            "tags.Name": "public-subnet1-dl.i-o.sh",
                            "vpc_id": "vpc-70ef5819"
                        },
                        "meta": {},
                        "tainted": false
                    },
                    "deposed": [],
                    "provider": ""
                },
                "aws_subnet.vpc-dl-i-o-sh-public-subnet2": {
                    "type": "aws_subnet",
                    "depends_on": [
                        "aws_vpc.vpc-dl-i-o-sh"
                    ],
                    "primary": {
                        "id": "subnet-6c2bcb21",
                        "attributes": {
                            "assign_ipv6_address_on_creation": "false",
                            "availability_zone": "us-east-2c",
                            "cidr_block": "10.10.11.0/24",
                            "id": "subnet-6c2bcb21",
                            "map_public_ip_on_launch": "false",
                            "tags.%": "1",
                            "tags.Name": "public-subnet2-dl.i-o.sh",
                            "vpc_id": "vpc-70ef5819"
                        },
                        "meta": {},
                        "tainted": false
                    },
                    "deposed": [],
                    "provider": ""
                },
                "aws_vpc.vpc-dl-i-o-sh": {
                    "type": "aws_vpc",
                    "depends_on": [],
                    "primary": {
                        "id": "vpc-70ef5819",
                        "attributes": {
                            "assign_generated_ipv6_cidr_block": "false",
                            "cidr_block": "10.10.0.0/16",
                            "default_network_acl_id": "acl-b09b29d9",
                            "default_route_table_id": "rtb-47368a2e",
                            "default_security_group_id": "sg-86bd26ef",
                            "dhcp_options_id": "dopt-0cd56565",
                            "enable_dns_hostnames": "false",
                            "enable_dns_support": "true",
                            "id": "vpc-70ef5819",
                            "instance_tenancy": "default",
                            "main_route_table_id": "rtb-47368a2e",
                            "tags.%": "1",
                            "tags.Name": "vpc-dl.i-o.sh"
                        },
                        "meta": {},
                        "tainted": false
                    },
                    "deposed": [],
                    "provider": ""
                },
                "aws_vpc_dhcp_options.vpc-dl-i-o-sh-dhcp-opt": {
                    "type": "aws_vpc_dhcp_options",
                    "depends_on": [],
                    "primary": {
                        "id": "dopt-0cd56565",
                        "attributes": {
                            "domain_name": "us-east-2.compute.internal",
                            "domain_name_servers.#": "1",
                            "domain_name_servers.0": "AmazonProvidedDNS",
                            "id": "dopt-0cd56565",
                            "tags.%": "1",
                            "tags.Name": "vpc-dl.i-o.sh-dhcp-opt"
                        },
                        "meta": {},
                        "tainted": false
                    },
                    "deposed": [],
                    "provider": ""
                },
                "aws_vpc_dhcp_options_association.dns_resolver": {
                    "type": "aws_vpc_dhcp_options_association",
                    "depends_on": [
                        "aws_vpc.vpc-dl-i-o-sh",
                        "aws_vpc_dhcp_options.vpc-dl-i-o-sh-dhcp-opt"
                    ],
                    "primary": {
                        "id": "dopt-0cd56565-vpc-70ef5819",
                        "attributes": {
                            "dhcp_options_id": "dopt-0cd56565",
                            "id": "dopt-0cd56565-vpc-70ef5819",
                            "vpc_id": "vpc-70ef5819"
                        },
                        "meta": {},
                        "tainted": false
                    },
                    "deposed": [],
                    "provider": ""
                },
                "data.aws_route53_zone.dl-i-o-sh": {
                    "type": "aws_route53_zone",
                    "depends_on": [],
                    "primary": {
                        "id": "Z31KT5VCF5Q35U",
                        "attributes": {
                            "caller_reference": "7F440A00-5306-1CEC-9BD8-37606DD57768",
                            "comment": "dl.i-o.sh",
                            "id": "Z31KT5VCF5Q35U",
                            "name": "dl.i-o.sh.",
                            "private_zone": "false",
                            "resource_record_set_count": "2",
                            "zone_id": "Z31KT5VCF5Q35U"
                        },
                        "meta": {},
                        "tainted": false
                    },
                    "deposed": [],
                    "provider": "aws.ailas_us_east_1"
                },
                "data.fastly_ip_ranges.fastly": {
                    "type": "fastly_ip_ranges",
                    "depends_on": [],
                    "primary": {
                        "id": "2307463921",
                        "attributes": {
                            "cidr_blocks.#": "14",
                            "cidr_blocks.0": "103.244.50.0/24",
                            "cidr_blocks.1": "103.245.222.0/23",
                            "cidr_blocks.10": "202.21.128.0/24",
                            "cidr_blocks.11": "203.57.145.0/24",
                            "cidr_blocks.12": "23.235.32.0/20",
                            "cidr_blocks.13": "43.249.72.0/22",
                            "cidr_blocks.2": "103.245.224.0/24",
                            "cidr_blocks.3": "104.156.80.0/20",
                            "cidr_blocks.4": "151.101.0.0/16",
                            "cidr_blocks.5": "157.52.64.0/18",
                            "cidr_blocks.6": "172.111.64.0/18",
                            "cidr_blocks.7": "185.31.16.0/22",
                            "cidr_blocks.8": "199.232.0.0/16",
                            "cidr_blocks.9": "199.27.72.0/21",
                            "id": "2307463921"
                        },
                        "meta": {},
                        "tainted": false
                    },
                    "deposed": [],
                    "provider": ""
                },
                "fastly_service_v1.dl-i-o-sh": {
                    "type": "fastly_service_v1",
                    "depends_on": [],
                    "primary": {
                        "id": "6z3ihpdLfl1XEclWpmR0be",
                        "attributes": {
                            "active_version": "2",
                            "backend.#": "1",
                            "backend.3134589753.address": "127.0.0.1",
                            "backend.3134589753.auto_loadbalance": "true",
                            "backend.3134589753.between_bytes_timeout": "10000",
                            "backend.3134589753.connect_timeout": "1000",
                            "backend.3134589753.error_threshold": "0",
                            "backend.3134589753.first_byte_timeout": "15000",
                            "backend.3134589753.max_conn": "200",
                            "backend.3134589753.name": "dl.i-o.sh",
                            "backend.3134589753.port": "80",
                            "backend.3134589753.request_condition": "",
                            "backend.3134589753.shield": "",
                            "backend.3134589753.ssl_check_cert": "true",
                            "backend.3134589753.ssl_hostname": "",
                            "backend.3134589753.weight": "100",
                            "cache_setting.#": "0",
                            "condition.#": "0",
                            "default_host": "dl.i-o.sh",
                            "default_ttl": "3600",
                            "domain.#": "1",
                            "domain.2916313179.comment": "dl.i-o.sh",
                            "domain.2916313179.name": "dl.i-o.sh",
                            "force_destroy": "false",
                            "gzip.#": "0",
                            "header.#": "0",
                            "healthcheck.#": "0",
                            "id": "6z3ihpdLfl1XEclWpmR0be",
                            "name": "dl.i-o.sh",
                            "papertrail.#": "0",
                            "request_setting.#": "0",
                            "response_object.#": "0",
                            "s3logging.#": "0",
                            "vcl.#": "0"
                        },
                        "meta": {},
                        "tainted": false
                    },
                    "deposed": [],
                    "provider": ""
                }
            },
            "depends_on": []
        }
    ]
}
